{
  "lockfile_version": "1",
  "packages": {
    "_1password@latest": {
      "last_modified": "2024-10-26T22:05:23Z",
      "resolved": "github:NixOS/nixpkgs/86e78d3d2084ff87688da662cf78c2af085d8e73#_1password",
      "source": "devbox-search",
      "version": "2.30.0",
      "systems": {
        "aarch64-darwin": {
          "outputs": [
            {
              "name": "out",
              "path": "/nix/store/mmrryhcr5v1addp6xwwdyk3mj9a2dnff-1password-cli-2.30.0",
              "default": true
            }
          ],
          "store_path": "/nix/store/mmrryhcr5v1addp6xwwdyk3mj9a2dnff-1password-cli-2.30.0"
        },
        "aarch64-linux": {
          "outputs": [
            {
              "name": "out",
              "path": "/nix/store/b6m30bgb4vfd573zxn4iwl7ziv8zf0f4-1password-cli-2.30.0",
              "default": true
            }
          ],
          "store_path": "/nix/store/b6m30bgb4vfd573zxn4iwl7ziv8zf0f4-1password-cli-2.30.0"
        },
        "x86_64-darwin": {
          "outputs": [
            {
              "name": "out",
              "path": "/nix/store/8w5afy7pjciq84mxa6gjplrjnak8qaij-1password-cli-2.30.0",
              "default": true
            }
          ],
          "store_path": "/nix/store/8w5afy7pjciq84mxa6gjplrjnak8qaij-1password-cli-2.30.0"
        },
        "x86_64-linux": {
          "outputs": [
            {
              "name": "out",
              "path": "/nix/store/r7n8qm9ws7xh9vzqd8zp9cswmcp071y8-1password-cli-2.30.0",
              "default": true
            }
          ],
          "store_path": "/nix/store/r7n8qm9ws7xh9vzqd8zp9cswmcp071y8-1password-cli-2.30.0"
        }
      }
    },
    "gnumake@latest": {
      "last_modified": "2024-12-23T21:10:33Z",
      "resolved": "github:NixOS/nixpkgs/de1864217bfa9b5845f465e771e0ecb48b30e02d#gnumake",
      "source": "devbox-search",
      "version": "4.4.1",
      "systems": {
        "aarch64-darwin": {
          "outputs": [
            {
              "name": "out",
              "path": "/nix/store/kz7hhivh19j3fswz9i5knbq3xwsy7sp5-gnumake-4.4.1",
              "default": true
            },
            {
              "name": "man",
              "path": "/nix/store/8ndq9xqci1861y6fb97xgm90qxq3m9lj-gnumake-4.4.1-man",
              "default": true
            },
            {
              "name": "info",
              "path": "/nix/store/8677qdd03vfyb4zl9jqa1l3gf5nn42l0-gnumake-4.4.1-info"
            }
          ],
          "store_path": "/nix/store/kz7hhivh19j3fswz9i5knbq3xwsy7sp5-gnumake-4.4.1"
        },
        "aarch64-linux": {
          "outputs": [
            {
              "name": "out",
              "path": "/nix/store/vdn3rar5zcrg0mh406h4abq3w2d12hy2-gnumake-4.4.1",
              "default": true
            },
            {
              "name": "man",
              "path": "/nix/store/rim19s0wcffh71ma2bgm0hifpr71p3dz-gnumake-4.4.1-man",
              "default": true
            },
            {
              "name": "debug",
              "path": "/nix/store/gfsbcjrv2lxgipzsn3a65flqll44ihis-gnumake-4.4.1-debug"
            },
            {
              "name": "info",
              "path": "/nix/store/hnkqb83x19qv9hwa8l5vkvv2y21yps32-gnumake-4.4.1-info"
            }
          ],
          "store_path": "/nix/store/vdn3rar5zcrg0mh406h4abq3w2d12hy2-gnumake-4.4.1"
        },
        "x86_64-darwin": {
          "outputs": [
            {
              "name": "out",
              "path": "/nix/store/i68j153lqxkvyhflqip2lqxy9zqsf6k2-gnumake-4.4.1",
              "default": true
            },
            {
              "name": "man",
              "path": "/nix/store/mfcp0r854jpqn1vckhycabla9mwzfsff-gnumake-4.4.1-man",
              "default": true
            },
            {
              "name": "info",
              "path": "/nix/store/a0k03x1jwp180cwppi1yqd8h535p5ck6-gnumake-4.4.1-info"
            }
          ],
          "store_path": "/nix/store/i68j153lqxkvyhflqip2lqxy9zqsf6k2-gnumake-4.4.1"
        },
        "x86_64-linux": {
          "outputs": [
            {
              "name": "out",
              "path": "/nix/store/nmj7y4f9zkbzsb51wbnbf2yksa4ncprj-gnumake-4.4.1",
              "default": true
            },
            {
              "name": "man",
              "path": "/nix/store/4dwhf5vn36rxg6xk98qsswyhvzywqdh9-gnumake-4.4.1-man",
              "default": true
            },
            {
              "name": "debug",
              "path": "/nix/store/6vzw9g0p9n5467agw5z4l68xbwpzr79x-gnumake-4.4.1-debug"
            },
            {
              "name": "info",
              "path": "/nix/store/1cw85sbjpl43k7qdwhpcmz63rq0f54jc-gnumake-4.4.1-info"
            }
          ],
          "store_path": "/nix/store/nmj7y4f9zkbzsb51wbnbf2yksa4ncprj-gnumake-4.4.1"
        }
      }
    },
    "nodejs@22": {
      "last_modified": "2024-12-23T21:10:33Z",
      "plugin_version": "0.0.2",
      "resolved": "github:NixOS/nixpkgs/de1864217bfa9b5845f465e771e0ecb48b30e02d#nodejs_22",
      "source": "devbox-search",
      "version": "22.11.0",
      "systems": {
        "aarch64-darwin": {
          "outputs": [
            {
              "name": "out",
              "path": "/nix/store/9vkabbbbyfn8hv5l1r8fm59d27imq460-nodejs-22.11.0",
              "default": true
            },
            {
              "name": "libv8",
              "path": "/nix/store/m3rxxwm6jp95kjmh4rklqn0d76biz6wm-nodejs-22.11.0-libv8"
            }
          ],
          "store_path": "/nix/store/9vkabbbbyfn8hv5l1r8fm59d27imq460-nodejs-22.11.0"
        },
        "aarch64-linux": {
          "outputs": [
            {
              "name": "out",
              "path": "/nix/store/z2lznj5fq0wagkhj7nkgmb5yr4gyv0ws-nodejs-22.11.0",
              "default": true
            },
            {
              "name": "libv8",
              "path": "/nix/store/0xiwppqyszilzy9cg71c26fxg5qcxh89-nodejs-22.11.0-libv8"
            }
          ],
          "store_path": "/nix/store/z2lznj5fq0wagkhj7nkgmb5yr4gyv0ws-nodejs-22.11.0"
        },
        "x86_64-darwin": {
          "outputs": [
            {
              "name": "out",
              "path": "/nix/store/s81s2z275wnjazk4ij3zvn6kslfa5ipf-nodejs-22.11.0",
              "default": true
            },
            {
              "name": "libv8",
              "path": "/nix/store/mm87n14lp5akdjlfwh1yg4l93zm8gv9h-nodejs-22.11.0-libv8"
            }
          ],
          "store_path": "/nix/store/s81s2z275wnjazk4ij3zvn6kslfa5ipf-nodejs-22.11.0"
        },
        "x86_64-linux": {
          "outputs": [
            {
              "name": "out",
              "path": "/nix/store/fkyp1bm5gll9adnfcj92snyym524mdrj-nodejs-22.11.0",
              "default": true
            },
            {
              "name": "libv8",
              "path": "/nix/store/fyaac3q8qn3zfxy72airfabm3dakmgf5-nodejs-22.11.0-libv8"
            }
          ],
          "store_path": "/nix/store/fkyp1bm5gll9adnfcj92snyym524mdrj-nodejs-22.11.0"
        }
      }
    },
    "pre-commit@latest": {
      "last_modified": "2024-12-23T21:10:33Z",
      "resolved": "github:NixOS/nixpkgs/de1864217bfa9b5845f465e771e0ecb48b30e02d#pre-commit",
      "source": "devbox-search",
      "version": "4.0.1",
      "systems": {
        "aarch64-darwin": {
          "outputs": [
            {
              "name": "out",
              "path": "/nix/store/aj6zf1phz6ny2j29q8sxzfvl27ckf4r2-pre-commit-4.0.1",
              "default": true
            },
            {
              "name": "dist",
              "path": "/nix/store/2dc1kb5jhb7gzar482hj108h9sa04ci8-pre-commit-4.0.1-dist"
            }
          ],
          "store_path": "/nix/store/aj6zf1phz6ny2j29q8sxzfvl27ckf4r2-pre-commit-4.0.1"
        },
        "aarch64-linux": {
          "outputs": [
            {
              "name": "out",
              "path": "/nix/store/3hkr2pavxhy22qv05v9dqcrxl5n5asn8-pre-commit-4.0.1",
              "default": true
            },
            {
              "name": "dist",
              "path": "/nix/store/z2c39ayd3ppc0i8vsxvavjadmjmdxag9-pre-commit-4.0.1-dist"
            }
          ],
          "store_path": "/nix/store/3hkr2pavxhy22qv05v9dqcrxl5n5asn8-pre-commit-4.0.1"
        },
        "x86_64-darwin": {
          "outputs": [
            {
              "name": "out",
              "path": "/nix/store/3wlhnh4dnkgx2hgqc5iabifjn7gdwjyz-pre-commit-4.0.1",
              "default": true
            },
            {
              "name": "dist",
              "path": "/nix/store/20fa2qy7gr07dv205k47spf8y21w053v-pre-commit-4.0.1-dist"
            }
          ],
          "store_path": "/nix/store/3wlhnh4dnkgx2hgqc5iabifjn7gdwjyz-pre-commit-4.0.1"
        },
        "x86_64-linux": {
          "outputs": [
            {
              "name": "out",
              "path": "/nix/store/cfa8kw48cw2hc6mw7kb6dwzcv5f4rq7r-pre-commit-4.0.1",
              "default": true
            },
            {
              "name": "dist",
              "path": "/nix/store/p2n6y3a52wx4mg1anx4hsw90x3dsh8mk-pre-commit-4.0.1-dist"
            }
          ],
          "store_path": "/nix/store/cfa8kw48cw2hc6mw7kb6dwzcv5f4rq7r-pre-commit-4.0.1"
        }
      }
    },
    "shellcheck@latest": {
      "last_modified": "2024-12-23T21:10:33Z",
      "resolved": "github:NixOS/nixpkgs/de1864217bfa9b5845f465e771e0ecb48b30e02d#shellcheck",
      "source": "devbox-search",
      "version": "0.10.0",
      "systems": {
        "aarch64-darwin": {
          "outputs": [
            {
              "name": "bin",
              "path": "/nix/store/n2n09kxq2d077jfl4lsfdky68mfqljsp-shellcheck-0.10.0-bin",
              "default": true
            },
            {
              "name": "man",
              "path": "/nix/store/2ffg4iskkjnqwspj5cnyc9r5fi5crqpi-shellcheck-0.10.0-man",
              "default": true
            },
            {
              "name": "doc",
              "path": "/nix/store/qx18mj9h0h3yzzn9671ycv8i5f34wnfj-shellcheck-0.10.0-doc",
              "default": true
            },
            {
              "name": "out",
              "path": "/nix/store/rrq5w2sg6l23v4adqqzvhajl0hm6fij9-shellcheck-0.10.0"
            }
          ],
          "store_path": "/nix/store/n2n09kxq2d077jfl4lsfdky68mfqljsp-shellcheck-0.10.0-bin"
        },
        "aarch64-linux": {
          "outputs": [
            {
              "name": "bin",
              "path": "/nix/store/d9pyyl4zz5vhdd1ja1rij8rvx4g2zr0q-shellcheck-0.10.0-bin",
              "default": true
            },
            {
              "name": "man",
              "path": "/nix/store/cyc84gzdk9jgnim7vhlkj2jyrzy3f6l0-shellcheck-0.10.0-man",
              "default": true
            },
            {
              "name": "doc",
              "path": "/nix/store/ylrpz2sqh1fd4c1gc5qpqfaijzb4qcf8-shellcheck-0.10.0-doc",
              "default": true
            },
            {
              "name": "out",
              "path": "/nix/store/b1dsjs45mfsv84lh7j7vvy9hii1m3irr-shellcheck-0.10.0"
            }
          ],
          "store_path": "/nix/store/d9pyyl4zz5vhdd1ja1rij8rvx4g2zr0q-shellcheck-0.10.0-bin"
        },
        "x86_64-darwin": {
          "outputs": [
            {
              "name": "bin",
              "path": "/nix/store/l00pkvfjax8rs8if17ygwhaaw1279rx1-shellcheck-0.10.0-bin",
              "default": true
            },
            {
              "name": "man",
              "path": "/nix/store/xqcbch1l3h8wn9h154a02w34cyl6b7bi-shellcheck-0.10.0-man",
              "default": true
            },
            {
              "name": "doc",
              "path": "/nix/store/pzjhf3vkqgv8vss9z96mgrca53njyq3y-shellcheck-0.10.0-doc",
              "default": true
            },
            {
              "name": "out",
              "path": "/nix/store/fwj1zqqmikw8l625q5s5spy1jqx29dyr-shellcheck-0.10.0"
            }
          ],
          "store_path": "/nix/store/l00pkvfjax8rs8if17ygwhaaw1279rx1-shellcheck-0.10.0-bin"
        },
        "x86_64-linux": {
          "outputs": [
            {
              "name": "bin",
              "path": "/nix/store/g6fx0dy7203d6b9mcm366wqjlvgjk4bg-shellcheck-0.10.0-bin",
              "default": true
            },
            {
              "name": "man",
              "path": "/nix/store/b6df9qlddfzy8a6aqcnyysdpja2cd1mv-shellcheck-0.10.0-man",
              "default": true
            },
            {
              "name": "doc",
              "path": "/nix/store/blxfb83f55nwpyad301pdxddadid5x6s-shellcheck-0.10.0-doc",
              "default": true
            },
            {
              "name": "out",
              "path": "/nix/store/6qxij2ij5b5hisqhyssdx019slgkqpnn-shellcheck-0.10.0"
            }
          ],
          "store_path": "/nix/store/g6fx0dy7203d6b9mcm366wqjlvgjk4bg-shellcheck-0.10.0-bin"
        }
      }
    },
    "shfmt@latest": {
      "last_modified": "2024-12-23T21:10:33Z",
      "resolved": "github:NixOS/nixpkgs/de1864217bfa9b5845f465e771e0ecb48b30e02d#shfmt",
      "source": "devbox-search",
      "version": "3.10.0",
      "systems": {
        "aarch64-darwin": {
          "outputs": [
            {
              "name": "out",
              "path": "/nix/store/7z7ra9m602wprriv8za9an73c8rix396-shfmt-3.10.0",
              "default": true
            }
          ],
          "store_path": "/nix/store/7z7ra9m602wprriv8za9an73c8rix396-shfmt-3.10.0"
        },
        "aarch64-linux": {
          "outputs": [
            {
              "name": "out",
              "path": "/nix/store/dyim6vd0hqja7mfh1pfkziswwqzcqslv-shfmt-3.10.0",
              "default": true
            }
          ],
          "store_path": "/nix/store/dyim6vd0hqja7mfh1pfkziswwqzcqslv-shfmt-3.10.0"
        },
        "x86_64-darwin": {
          "outputs": [
            {
              "name": "out",
              "path": "/nix/store/2vq7iy7p1w1ag555gdiw8ynb8n6cj7z6-shfmt-3.10.0",
              "default": true
            }
          ],
          "store_path": "/nix/store/2vq7iy7p1w1ag555gdiw8ynb8n6cj7z6-shfmt-3.10.0"
        },
        "x86_64-linux": {
          "outputs": [
            {
              "name": "out",
              "path": "/nix/store/88nm2h1pxpcyb8wlkai0kjzlncsfx9y6-shfmt-3.10.0",
              "default": true
            }
          ],
          "store_path": "/nix/store/88nm2h1pxpcyb8wlkai0kjzlncsfx9y6-shfmt-3.10.0"
        }
      }
    }
  }
}
